
Microsoft Visual Studio Solution File, Format Version 12.00
# Visual Studio Version 17
VisualStudioVersion = 17.14.36310.24
MinimumVisualStudioVersion = 10.0.40219.1
Project("{FAE04EC0-301F-11D3-BF4B-00C04F79EFBC}") = "TrailerPark.API", "TrailerPark.API\TrailerPark.API.csproj", "{4F8BE65F-677B-4E09-A0B5-A1B3611053E1}"
EndProject
Project("{FAE04EC0-301F-11D3-BF4B-00C04F79EFBC}") = "TrailerPark.Core", "TrailerPark.Core\TrailerPark.Core.csproj", "{4D9EBCE6-10FF-4010-827E-85D249CE2237}"
EndProject
Project("{FAE04EC0-301F-11D3-BF4B-00C04F79EFBC}") = "TrailerPark.Infrastructure", "TrailerPark.Infrastructure\TrailerPark.Infrastructure.csproj", "{D20C24A1-ABBB-47F7-8DC8-A8E38E7EAF50}"
EndProject
Project("{FAE04EC0-301F-11D3-BF4B-00C04F79EFBC}") = "TrailerPark.Application", "TrailerPark.Application\TrailerPark.Application.csproj", "{02EE0EFD-13EB-4017-9159-045B54D24936}"
EndProject
Global
	GlobalSection(SolutionConfigurationPlatforms) = preSolution
		Debug|Any CPU = Debug|Any CPU
		Debug|x64 = Debug|x64
		Debug|x86 = Debug|x86
		Release|Any CPU = Release|Any CPU
		Release|x64 = Release|x64
		Release|x86 = Release|x86
	EndGlobalSection
	GlobalSection(ProjectConfigurationPlatforms) = postSolution
		{4F8BE65F-677B-4E09-A0B5-A1B3611053E1}.Debug|Any CPU.ActiveCfg = Debug|Any CPU
		{4F8BE65F-677B-4E09-A0B5-A1B3611053E1}.Debug|Any CPU.Build.0 = Debug|Any CPU
		{4F8BE65F-677B-4E09-A0B5-A1B3611053E1}.Debug|x64.ActiveCfg = Debug|Any CPU
		{4F8BE65F-677B-4E09-A0B5-A1B3611053E1}.Debug|x64.Build.0 = Debug|Any CPU
		{4F8BE65F-677B-4E09-A0B5-A1B3611053E1}.Debug|x86.ActiveCfg = Debug|Any CPU
		{4F8BE65F-677B-4E09-A0B5-A1B3611053E1}.Debug|x86.Build.0 = Debug|Any CPU
		{4F8BE65F-677B-4E09-A0B5-A1B3611053E1}.Release|Any CPU.ActiveCfg = Release|Any CPU
		{4F8BE65F-677B-4E09-A0B5-A1B3611053E1}.Release|Any CPU.Build.0 = Release|Any CPU
		{4F8BE65F-677B-4E09-A0B5-A1B3611053E1}.Release|x64.ActiveCfg = Release|Any CPU
		{4F8BE65F-677B-4E09-A0B5-A1B3611053E1}.Release|x64.Build.0 = Release|Any CPU
		{4F8BE65F-677B-4E09-A0B5-A1B3611053E1}.Release|x86.ActiveCfg = Release|Any CPU
		{4F8BE65F-677B-4E09-A0B5-A1B3611053E1}.Release|x86.Build.0 = Release|Any CPU
		{4D9EBCE6-10FF-4010-827E-85D249CE2237}.Debug|Any CPU.ActiveCfg = Debug|Any CPU
		{4D9EBCE6-10FF-4010-827E-85D249CE2237}.Debug|Any CPU.Build.0 = Debug|Any CPU
		{4D9EBCE6-10FF-4010-827E-85D249CE2237}.Debug|x64.ActiveCfg = Debug|Any CPU
		{4D9EBCE6-10FF-4010-827E-85D249CE2237}.Debug|x64.Build.0 = Debug|Any CPU
		{4D9EBCE6-10FF-4010-827E-85D249CE2237}.Debug|x86.ActiveCfg = Debug|Any CPU
		{4D9EBCE6-10FF-4010-827E-85D249CE2237}.Debug|x86.Build.0 = Debug|Any CPU
		{4D9EBCE6-10FF-4010-827E-85D249CE2237}.Release|Any CPU.ActiveCfg = Release|Any CPU
		{4D9EBCE6-10FF-4010-827E-85D249CE2237}.Release|Any CPU.Build.0 = Release|Any CPU
		{4D9EBCE6-10FF-4010-827E-85D249CE2237}.Release|x64.ActiveCfg = Release|Any CPU
		{4D9EBCE6-10FF-4010-827E-85D249CE2237}.Release|x64.Build.0 = Release|Any CPU
		{4D9EBCE6-10FF-4010-827E-85D249CE2237}.Release|x86.ActiveCfg = Release|Any CPU
		{4D9EBCE6-10FF-4010-827E-85D249CE2237}.Release|x86.Build.0 = Release|Any CPU
		{D20C24A1-ABBB-47F7-8DC8-A8E38E7EAF50}.Debug|Any CPU.ActiveCfg = Debug|Any CPU
		{D20C24A1-ABBB-47F7-8DC8-A8E38E7EAF50}.Debug|Any CPU.Build.0 = Debug|Any CPU
		{D20C24A1-ABBB-47F7-8DC8-A8E38E7EAF50}.Debug|x64.ActiveCfg = Debug|Any CPU
		{D20C24A1-ABBB-47F7-8DC8-A8E38E7EAF50}.Debug|x64.Build.0 = Debug|Any CPU
		{D20C24A1-ABBB-47F7-8DC8-A8E38E7EAF50}.Debug|x86.ActiveCfg = Debug|Any CPU
		{D20C24A1-ABBB-47F7-8DC8-A8E38E7EAF50}.Debug|x86.Build.0 = Debug|Any CPU
		{D20C24A1-ABBB-47F7-8DC8-A8E38E7EAF50}.Release|Any CPU.ActiveCfg = Release|Any CPU
		{D20C24A1-ABBB-47F7-8DC8-A8E38E7EAF50}.Release|Any CPU.Build.0 = Release|Any CPU
		{D20C24A1-ABBB-47F7-8DC8-A8E38E7EAF50}.Release|x64.ActiveCfg = Release|Any CPU
		{D20C24A1-ABBB-47F7-8DC8-A8E38E7EAF50}.Release|x64.Build.0 = Release|Any CPU
		{D20C24A1-ABBB-47F7-8DC8-A8E38E7EAF50}.Release|x86.ActiveCfg = Release|Any CPU
		{D20C24A1-ABBB-47F7-8DC8-A8E38E7EAF50}.Release|x86.Build.0 = Release|Any CPU
		{02EE0EFD-13EB-4017-9159-045B54D24936}.Debug|Any CPU.ActiveCfg = Debug|Any CPU
		{02EE0EFD-13EB-4017-9159-045B54D24936}.Debug|Any CPU.Build.0 = Debug|Any CPU
		{02EE0EFD-13EB-4017-9159-045B54D24936}.Debug|x64.ActiveCfg = Debug|Any CPU
		{02EE0EFD-13EB-4017-9159-045B54D24936}.Debug|x64.Build.0 = Debug|Any CPU
		{02EE0EFD-13EB-4017-9159-045B54D24936}.Debug|x86.ActiveCfg = Debug|Any CPU
		{02EE0EFD-13EB-4017-9159-045B54D24936}.Debug|x86.Build.0 = Debug|Any CPU
		{02EE0EFD-13EB-4017-9159-045B54D24936}.Release|Any CPU.ActiveCfg = Release|Any CPU
		{02EE0EFD-13EB-4017-9159-045B54D24936}.Release|Any CPU.Build.0 = Release|Any CPU
		{02EE0EFD-13EB-4017-9159-045B54D24936}.Release|x64.ActiveCfg = Release|Any CPU
		{02EE0EFD-13EB-4017-9159-045B54D24936}.Release|x64.Build.0 = Release|Any CPU
		{02EE0EFD-13EB-4017-9159-045B54D24936}.Release|x86.ActiveCfg = Release|Any CPU
		{02EE0EFD-13EB-4017-9159-045B54D24936}.Release|x86.Build.0 = Release|Any CPU
	EndGlobalSection
	GlobalSection(SolutionProperties) = preSolution
		HideSolutionNode = FALSE
	EndGlobalSection
	GlobalSection(ExtensibilityGlobals) = postSolution
		SolutionGuid = {E3F414F1-0932-4466-9777-1BC57160E570}
	EndGlobalSection
EndGlobal
